
Microsoft Visual Studio Solution File, Format Version 12.00
# Visual Studio Version 16
VisualStudioVersion = 16.0.30128.74
MinimumVisualStudioVersion = 10.0.40219.1
Project("{FAE04EC0-301F-11D3-BF4B-00C04F79EFBC}") = "CompanyManager.App", "CompanyManager.App\CompanyManager.App.csproj", "{946C02C6-DC3D-46FD-90E2-2511D2A2C47A}"
EndProject
Global
	GlobalSection(SolutionConfigurationPlatforms) = preSolution
		Debug|Any CPU = Debug|Any CPU
		Release|Any CPU = Release|Any CPU
	EndGlobalSection
	GlobalSection(ProjectConfigurationPlatforms) = postSolution
		{946C02C6-DC3D-46FD-90E2-2511D2A2C47A}.Debug|Any CPU.ActiveCfg = Debug|Any CPU
		{946C02C6-DC3D-46FD-90E2-2511D2A2C47A}.Debug|Any CPU.Build.0 = Debug|Any CPU
		{946C02C6-DC3D-46FD-90E2-2511D2A2C47A}.Release|Any CPU.ActiveCfg = Release|Any CPU
		{946C02C6-DC3D-46FD-90E2-2511D2A2C47A}.Release|Any CPU.Build.0 = Release|Any CPU
	EndGlobalSection
	GlobalSection(SolutionProperties) = preSolution
		HideSolutionNode = FALSE
	EndGlobalSection
	GlobalSection(ExtensibilityGlobals) = postSolution
		SolutionGuid = {5DC7388A-BE05-4A86-8504-192F6BB28F3D}
	EndGlobalSection
EndGlobal
